
Microsoft Visual Studio Solution File, Format Version 12.00
# Visual Studio 15
VisualStudioVersion = 15.0.27703.2035
MinimumVisualStudioVersion = 10.0.40219.1
Project("{FAE04EC0-301F-11D3-BF4B-00C04F79EFBC}") = "Fiap04.Web.MVC", "Fiap04.Web.MVC\Fiap04.Web.MVC.csproj", "{1A8AB4F0-979C-4317-BB2D-DBFBF6A7BB9C}"
EndProject
Global
	GlobalSection(SolutionConfigurationPlatforms) = preSolution
		Debug|Any CPU = Debug|Any CPU
		Release|Any CPU = Release|Any CPU
	EndGlobalSection
	GlobalSection(ProjectConfigurationPlatforms) = postSolution
		{1A8AB4F0-979C-4317-BB2D-DBFBF6A7BB9C}.Debug|Any CPU.ActiveCfg = Debug|Any CPU
		{1A8AB4F0-979C-4317-BB2D-DBFBF6A7BB9C}.Debug|Any CPU.Build.0 = Debug|Any CPU
		{1A8AB4F0-979C-4317-BB2D-DBFBF6A7BB9C}.Release|Any CPU.ActiveCfg = Release|Any CPU
		{1A8AB4F0-979C-4317-BB2D-DBFBF6A7BB9C}.Release|Any CPU.Build.0 = Release|Any CPU
	EndGlobalSection
	GlobalSection(SolutionProperties) = preSolution
		HideSolutionNode = FALSE
	EndGlobalSection
	GlobalSection(ExtensibilityGlobals) = postSolution
		SolutionGuid = {6EEC2713-8C69-4043-AF2D-D2B6010AC246}
	EndGlobalSection
EndGlobal
