
Microsoft Visual Studio Solution File, Format Version 12.00
# Visual Studio 15
VisualStudioVersion = 15.0.27703.2035
MinimumVisualStudioVersion = 10.0.40219.1
Project("{FAE04EC0-301F-11D3-BF4B-00C04F79EFBC}") = "FIap03.Web.MVC.Exercicio", "FIap03.Web.MVC.Exercicio\FIap03.Web.MVC.Exercicio.csproj", "{CA67EB01-8A06-4C2D-9104-E1FF20F728F3}"
EndProject
Global
	GlobalSection(SolutionConfigurationPlatforms) = preSolution
		Debug|Any CPU = Debug|Any CPU
		Release|Any CPU = Release|Any CPU
	EndGlobalSection
	GlobalSection(ProjectConfigurationPlatforms) = postSolution
		{CA67EB01-8A06-4C2D-9104-E1FF20F728F3}.Debug|Any CPU.ActiveCfg = Debug|Any CPU
		{CA67EB01-8A06-4C2D-9104-E1FF20F728F3}.Debug|Any CPU.Build.0 = Debug|Any CPU
		{CA67EB01-8A06-4C2D-9104-E1FF20F728F3}.Release|Any CPU.ActiveCfg = Release|Any CPU
		{CA67EB01-8A06-4C2D-9104-E1FF20F728F3}.Release|Any CPU.Build.0 = Release|Any CPU
	EndGlobalSection
	GlobalSection(SolutionProperties) = preSolution
		HideSolutionNode = FALSE
	EndGlobalSection
	GlobalSection(ExtensibilityGlobals) = postSolution
		SolutionGuid = {1172C66D-4AE4-4E4F-902D-54EA4E5752AD}
	EndGlobalSection
EndGlobal
